
Microsoft Visual Studio Solution File, Format Version 12.00
# Visual Studio 15
VisualStudioVersion = 15.0.28010.2003
MinimumVisualStudioVersion = 10.0.40219.1
Project("{FAE04EC0-301F-11D3-BF4B-00C04F79EFBC}") = "Vpn.UI", "VpnUI\Vpn.UI.csproj", "{999FC1E0-C9EB-4FF5-BE1E-E9E0E2802184}"
EndProject
Project("{FAE04EC0-301F-11D3-BF4B-00C04F79EFBC}") = "Vpn.BusinessLogic", "VpnBusinessLogic\Vpn.BusinessLogic.csproj", "{A69FCFCC-D11B-4AC1-9C75-51F68418DA52}"
EndProject
Project("{FAE04EC0-301F-11D3-BF4B-00C04F79EFBC}") = "Vpn.Tests", "VpnTest\Vpn.Tests.csproj", "{D85C3ABA-9E1D-4010-8092-627EA7ED902A}"
EndProject
Global
	GlobalSection(SolutionConfigurationPlatforms) = preSolution
		Debug|Any CPU = Debug|Any CPU
		Release|Any CPU = Release|Any CPU
	EndGlobalSection
	GlobalSection(ProjectConfigurationPlatforms) = postSolution
		{999FC1E0-C9EB-4FF5-BE1E-E9E0E2802184}.Debug|Any CPU.ActiveCfg = Debug|Any CPU
		{999FC1E0-C9EB-4FF5-BE1E-E9E0E2802184}.Debug|Any CPU.Build.0 = Debug|Any CPU
		{999FC1E0-C9EB-4FF5-BE1E-E9E0E2802184}.Release|Any CPU.ActiveCfg = Release|Any CPU
		{999FC1E0-C9EB-4FF5-BE1E-E9E0E2802184}.Release|Any CPU.Build.0 = Release|Any CPU
		{A69FCFCC-D11B-4AC1-9C75-51F68418DA52}.Debug|Any CPU.ActiveCfg = Debug|Any CPU
		{A69FCFCC-D11B-4AC1-9C75-51F68418DA52}.Debug|Any CPU.Build.0 = Debug|Any CPU
		{A69FCFCC-D11B-4AC1-9C75-51F68418DA52}.Release|Any CPU.ActiveCfg = Release|Any CPU
		{A69FCFCC-D11B-4AC1-9C75-51F68418DA52}.Release|Any CPU.Build.0 = Release|Any CPU
		{D85C3ABA-9E1D-4010-8092-627EA7ED902A}.Debug|Any CPU.ActiveCfg = Debug|Any CPU
		{D85C3ABA-9E1D-4010-8092-627EA7ED902A}.Debug|Any CPU.Build.0 = Debug|Any CPU
		{D85C3ABA-9E1D-4010-8092-627EA7ED902A}.Release|Any CPU.ActiveCfg = Release|Any CPU
		{D85C3ABA-9E1D-4010-8092-627EA7ED902A}.Release|Any CPU.Build.0 = Release|Any CPU
	EndGlobalSection
	GlobalSection(SolutionProperties) = preSolution
		HideSolutionNode = FALSE
	EndGlobalSection
	GlobalSection(ExtensibilityGlobals) = postSolution
		SolutionGuid = {CE8F570D-BC17-42FA-BC0D-C1BBAB16EE59}
	EndGlobalSection
EndGlobal
